{
  "name": "hls-tools",
  "version": "0.0.0",
  "lockfileVersion": 3,
  "requires": true,
  "packages": {
    "": {
      "name": "hls-tools",
      "version": "0.0.0",
      "license": "BSD-2-Clause",
      "dependencies": {
        "commander": "^10.0.0",
        "debug": "^4.1.1",
        "hls-playlist-reader": "^3.0.0",
        "hls-segment-reader": "github:kanongil/hls-segment-reader#next",
        "measured-core": "^1.41.0",
        "pati": "^1.1.2",
        "udp-blast": "^2.0.0",
        "uristream": "^6.3.1"
      },
      "bin": {
        "hlsdump": "bin/hlsdump",
        "hlsmon": "bin/hlsmon"
      },
      "engines": {
        "node": ">=16.17.0"
      }
    },
    "node_modules/@hapi/boom": {
      "version": "10.0.0",
      "license": "BSD-3-Clause",
      "dependencies": {
        "@hapi/hoek": "10.x.x"
      }
    },
    "node_modules/@hapi/hoek": {
      "version": "10.0.1",
      "license": "BSD-3-Clause"
    },
    "node_modules/@sindresorhus/is": {
      "version": "4.6.0",
      "license": "MIT",
      "engines": {
        "node": ">=10"
      },
      "funding": {
        "url": "https://github.com/sindresorhus/is?sponsor=1"
      }
    },
    "node_modules/@szmarczak/http-timer": {
      "version": "4.0.6",
      "license": "MIT",
      "dependencies": {
        "defer-to-connect": "^2.0.0"
      },
      "engines": {
        "node": ">=10"
      }
    },
    "node_modules/@types/cacheable-request": {
      "version": "6.0.3",
      "license": "MIT",
      "dependencies": {
        "@types/http-cache-semantics": "*",
        "@types/keyv": "^3.1.4",
        "@types/node": "*",
        "@types/responselike": "^1.0.0"
      }
    },
    "node_modules/@types/http-cache-semantics": {
      "version": "4.0.1",
      "license": "MIT"
    },
    "node_modules/@types/keyv": {
      "version": "3.1.4",
      "license": "MIT",
      "dependencies": {
        "@types/node": "*"
      }
    },
    "node_modules/@types/node": {
      "version": "18.13.0",
      "license": "MIT"
    },
    "node_modules/@types/responselike": {
      "version": "1.0.0",
      "license": "MIT",
      "dependencies": {
        "@types/node": "*"
      }
    },
    "node_modules/agentkeepalive": {
      "version": "4.2.1",
      "license": "MIT",
      "dependencies": {
        "debug": "^4.1.0",
        "depd": "^1.1.2",
        "humanize-ms": "^1.2.1"
      },
      "engines": {
        "node": ">= 8.0.0"
      }
    },
    "node_modules/binary-search": {
      "version": "1.3.6",
      "license": "CC0-1.0"
    },
    "node_modules/bl": {
      "version": "3.0.1",
      "license": "MIT",
      "dependencies": {
        "readable-stream": "^3.0.1"
      }
    },
    "node_modules/cacheable-lookup": {
      "version": "5.0.4",
      "license": "MIT",
      "engines": {
        "node": ">=10.6.0"
      }
    },
    "node_modules/cacheable-request": {
      "version": "7.0.2",
      "license": "MIT",
      "dependencies": {
        "clone-response": "^1.0.2",
        "get-stream": "^5.1.0",
        "http-cache-semantics": "^4.0.0",
        "keyv": "^4.0.0",
        "lowercase-keys": "^2.0.0",
        "normalize-url": "^6.0.1",
        "responselike": "^2.0.0"
      },
      "engines": {
        "node": ">=8"
      }
    },
    "node_modules/clone-response": {
      "version": "1.0.3",
      "license": "MIT",
      "dependencies": {
        "mimic-response": "^1.0.0"
      },
      "funding": {
        "url": "https://github.com/sponsors/sindresorhus"
      }
    },
    "node_modules/commander": {
      "version": "10.0.0",
      "license": "MIT",
      "engines": {
        "node": ">=14"
      }
    },
    "node_modules/dataurl": {
      "version": "0.1.0",
      "license": "MIT"
    },
    "node_modules/debug": {
      "version": "4.3.4",
      "license": "MIT",
      "dependencies": {
        "ms": "2.1.2"
      },
      "engines": {
        "node": ">=6.0"
      },
      "peerDependenciesMeta": {
        "supports-color": {
          "optional": true
        }
      }
    },
    "node_modules/decompress-response": {
      "version": "6.0.0",
      "license": "MIT",
      "dependencies": {
        "mimic-response": "^3.1.0"
      },
      "engines": {
        "node": ">=10"
      },
      "funding": {
        "url": "https://github.com/sponsors/sindresorhus"
      }
    },
    "node_modules/decompress-response/node_modules/mimic-response": {
      "version": "3.1.0",
      "license": "MIT",
      "engines": {
        "node": ">=10"
      },
      "funding": {
        "url": "https://github.com/sponsors/sindresorhus"
      }
    },
    "node_modules/defer-to-connect": {
      "version": "2.0.1",
      "license": "MIT",
      "engines": {
        "node": ">=10"
      }
    },
    "node_modules/depd": {
      "version": "1.1.2",
      "license": "MIT",
      "engines": {
        "node": ">= 0.6"
      }
    },
    "node_modules/end-of-stream": {
      "version": "1.4.4",
      "license": "MIT",
      "dependencies": {
        "once": "^1.4.0"
      }
    },
    "node_modules/get-stream": {
      "version": "5.2.0",
      "license": "MIT",
      "dependencies": {
        "pump": "^3.0.0"
      },
      "engines": {
        "node": ">=8"
      },
      "funding": {
        "url": "https://github.com/sponsors/sindresorhus"
      }
    },
    "node_modules/got": {
      "version": "11.8.6",
      "license": "MIT",
      "dependencies": {
        "@sindresorhus/is": "^4.0.0",
        "@szmarczak/http-timer": "^4.0.5",
        "@types/cacheable-request": "^6.0.1",
        "@types/responselike": "^1.0.0",
        "cacheable-lookup": "^5.0.3",
        "cacheable-request": "^7.0.2",
        "decompress-response": "^6.0.0",
        "http2-wrapper": "^1.0.0-beta.5.2",
        "lowercase-keys": "^2.0.0",
        "p-cancelable": "^2.0.0",
        "responselike": "^2.0.0"
      },
      "engines": {
        "node": ">=10.19.0"
      },
      "funding": {
        "url": "https://github.com/sindresorhus/got?sponsor=1"
      }
    },
    "node_modules/hls-playlist-reader": {
      "version": "3.0.1",
      "resolved": "https://registry.npmjs.org/hls-playlist-reader/-/hls-playlist-reader-3.0.1.tgz",
      "integrity": "sha512-NWk1Fac8GcGMMC95xlDry6nNweZdlSNHhKM9df/Jiin7OLG2g7FkTMR9wa7VdIote5eOocpqT2HOfoUXj5i7RQ==",
      "dependencies": {
        "@hapi/boom": "^10.0.0",
        "@hapi/hoek": "^10.0.1",
        "agentkeepalive": "^4.1.3",
        "m3u8parse": "^4.0.0",
        "uristream": "^6.3.0"
      },
      "engines": {
        "node": ">=16.17.0"
      }
    },
    "node_modules/hls-segment-reader": {
      "version": "8.0.1",
      "resolved": "git+ssh://git@github.com/kanongil/hls-segment-reader.git#f2e7afe0866c6aa7c73b28b23a82b4a0c2a5fac5",
      "license": "BSD-2-Clause",
      "dependencies": {
        "@hapi/hoek": "^10.0.0",
        "hls-playlist-reader": "^3.0.1",
        "m3u8parse": "^4.0.0"
      },
      "engines": {
        "node": ">=16.17.0"
      }
    },
    "node_modules/http-cache-semantics": {
      "version": "4.1.1",
      "license": "BSD-2-Clause"
    },
    "node_modules/http2-wrapper": {
      "version": "1.0.3",
      "license": "MIT",
      "dependencies": {
        "quick-lru": "^5.1.1",
        "resolve-alpn": "^1.0.0"
      },
      "engines": {
        "node": ">=10.19.0"
      }
    },
    "node_modules/humanize-ms": {
      "version": "1.2.1",
      "license": "MIT",
      "dependencies": {
        "ms": "^2.0.0"
      }
    },
    "node_modules/inherits": {
      "version": "2.0.4",
      "license": "ISC"
    },
    "node_modules/ipaddr.js": {
      "version": "1.9.1",
      "license": "MIT",
      "engines": {
        "node": ">= 0.10"
      }
    },
    "node_modules/json-buffer": {
      "version": "3.0.1",
      "license": "MIT"
    },
    "node_modules/keyv": {
      "version": "4.5.2",
      "license": "MIT",
      "dependencies": {
        "json-buffer": "3.0.1"
      }
    },
    "node_modules/lowercase-keys": {
      "version": "2.0.0",
      "license": "MIT",
      "engines": {
        "node": ">=8"
      }
    },
    "node_modules/m3u8parse": {
      "version": "4.0.0",
      "license": "BSD-2-Clause",
      "engines": {
        "node": ">=14.17.0"
      }
    },
    "node_modules/measured-core": {
      "version": "1.51.1",
      "license": "MIT",
      "dependencies": {
        "binary-search": "^1.3.3",
        "optional-js": "^2.0.0"
      },
      "engines": {
        "node": ">= 5.12"
      }
    },
    "node_modules/mime-db": {
      "version": "1.52.0",
      "license": "MIT",
      "engines": {
        "node": ">= 0.6"
      }
    },
    "node_modules/mime-types": {
      "version": "2.1.35",
      "license": "MIT",
      "dependencies": {
        "mime-db": "1.52.0"
      },
      "engines": {
        "node": ">= 0.6"
      }
    },
    "node_modules/mimic-response": {
      "version": "1.0.1",
      "license": "MIT",
      "engines": {
        "node": ">=4"
      }
    },
    "node_modules/ms": {
      "version": "2.1.2",
      "license": "MIT"
    },
    "node_modules/normalize-url": {
      "version": "6.1.0",
      "license": "MIT",
      "engines": {
        "node": ">=10"
      },
      "funding": {
        "url": "https://github.com/sponsors/sindresorhus"
      }
    },
    "node_modules/once": {
      "version": "1.4.0",
      "license": "ISC",
      "dependencies": {
        "wrappy": "1"
      }
    },
    "node_modules/oncemore": {
      "version": "1.2.0",
      "license": "BSD-2-Clause"
    },
    "node_modules/optional-js": {
      "version": "2.3.0",
      "license": "MIT"
    },
    "node_modules/p-cancelable": {
      "version": "2.1.1",
      "license": "MIT",
      "engines": {
        "node": ">=8"
      }
    },
    "node_modules/pati": {
      "version": "1.1.2",
      "license": "BSD-3-Clause",
      "engines": {
        "node": ">=8.9.0"
      }
    },
    "node_modules/pump": {
      "version": "3.0.0",
      "license": "MIT",
      "dependencies": {
        "end-of-stream": "^1.1.0",
        "once": "^1.3.1"
      }
    },
    "node_modules/quick-lru": {
      "version": "5.1.1",
      "license": "MIT",
      "engines": {
        "node": ">=10"
      },
      "funding": {
        "url": "https://github.com/sponsors/sindresorhus"
      }
    },
    "node_modules/readable-stream": {
      "version": "3.6.0",
      "license": "MIT",
      "dependencies": {
        "inherits": "^2.0.3",
        "string_decoder": "^1.1.1",
        "util-deprecate": "^1.0.1"
      },
      "engines": {
        "node": ">= 6"
      }
    },
    "node_modules/resolve-alpn": {
      "version": "1.2.1",
      "license": "MIT"
    },
    "node_modules/responselike": {
      "version": "2.0.1",
      "license": "MIT",
      "dependencies": {
        "lowercase-keys": "^2.0.0"
      },
      "funding": {
        "url": "https://github.com/sponsors/sindresorhus"
      }
    },
    "node_modules/safe-buffer": {
      "version": "5.2.1",
      "funding": [
        {
          "type": "github",
          "url": "https://github.com/sponsors/feross"
        },
        {
          "type": "patreon",
          "url": "https://www.patreon.com/feross"
        },
        {
          "type": "consulting",
          "url": "https://feross.org/support"
        }
      ],
      "license": "MIT"
    },
    "node_modules/string_decoder": {
      "version": "1.3.0",
      "license": "MIT",
      "dependencies": {
        "safe-buffer": "~5.2.0"
      }
    },
    "node_modules/udp-blast": {
      "version": "2.1.0",
      "license": "BSD-2-Clause",
      "dependencies": {
        "bl": "^3.0.0",
        "ipaddr.js": "^1.8.1",
        "readable-stream": "^3.3.0"
      },
      "engines": {
        "node": ">=8.9.0"
      }
    },
    "node_modules/uristream": {
      "version": "6.3.1",
      "license": "BSD-2-Clause",
      "dependencies": {
        "@hapi/boom": "^9.1.0",
        "@hapi/hoek": "^9.0.4",
        "agentkeepalive": "^4.1.3",
        "dataurl": "~0.1.0",
        "debug": "^4.1.1",
        "got": "^11.2.0",
        "mime-types": "^2.0.10",
        "oncemore": "^1.2.0"
      },
      "engines": {
        "node": ">=12.12.0"
      }
    },
    "node_modules/uristream/node_modules/@hapi/boom": {
      "version": "9.1.4",
      "license": "BSD-3-Clause",
      "dependencies": {
        "@hapi/hoek": "9.x.x"
      }
    },
    "node_modules/uristream/node_modules/@hapi/hoek": {
      "version": "9.3.0",
      "license": "BSD-3-Clause"
    },
    "node_modules/util-deprecate": {
      "version": "1.0.2",
      "license": "MIT"
    },
    "node_modules/wrappy": {
      "version": "1.0.2",
      "license": "ISC"
    }
  }
}
